
Microsoft Visual Studio Solution File, Format Version 12.00
Project("{FAE04EC0-301F-11D3-BF4B-00C04F79EFBC}") = "ToDoList", "ToDoList\ToDoList.csproj", "{664AE21C-7DA8-45F8-A5C6-1D7F4DB0F31B}"
EndProject
Global
	GlobalSection(SolutionConfigurationPlatforms) = preSolution
		Debug|Any CPU = Debug|Any CPU
		Release|Any CPU = Release|Any CPU
	EndGlobalSection
	GlobalSection(ProjectConfigurationPlatforms) = postSolution
		{664AE21C-7DA8-45F8-A5C6-1D7F4DB0F31B}.Debug|Any CPU.ActiveCfg = Debug|Any CPU
		{664AE21C-7DA8-45F8-A5C6-1D7F4DB0F31B}.Debug|Any CPU.Build.0 = Debug|Any CPU
		{664AE21C-7DA8-45F8-A5C6-1D7F4DB0F31B}.Release|Any CPU.ActiveCfg = Release|Any CPU
		{664AE21C-7DA8-45F8-A5C6-1D7F4DB0F31B}.Release|Any CPU.Build.0 = Release|Any CPU
	EndGlobalSection
EndGlobal
